# This file is generated by running "yarn install" inside your project.
# Manual changes might be lost - proceed with caution!

__metadata:
  version: 8
  cacheKey: 10c0

"@emobg/eslint@workspace:.":
  version: 0.0.0-use.local
  resolution: "@emobg/eslint@workspace:."
  dependencies:
    typescript-eslint: "npm:^8.19.1"
  languageName: unknown
  linkType: soft

"@eslint-community/eslint-utils@npm:^4.4.0":
  version: 4.4.1
  resolution: "@eslint-community/eslint-utils@npm:4.4.1"
  dependencies:
    eslint-visitor-keys: "npm:^3.4.3"
  peerDependencies:
    eslint: ^6.0.0 || ^7.0.0 || >=8.0.0
  checksum: 10c0/2aa0ac2fc50ff3f234408b10900ed4f1a0b19352f21346ad4cc3d83a1271481bdda11097baa45d484dd564c895e0762a27a8240be7a256b3ad47129e96528252
  languageName: node
  linkType: hard

"@eslint-community/regexpp@npm:^4.10.0":
  version: 4.12.1
  resolution: "@eslint-community/regexpp@npm:4.12.1"
  checksum: 10c0/a03d98c246bcb9109aec2c08e4d10c8d010256538dcb3f56610191607214523d4fb1b00aa81df830b6dffb74c5fa0be03642513a289c567949d3e550ca11cdf6
  languageName: node
  linkType: hard

"@nodelib/fs.scandir@npm:2.1.5":
  version: 2.1.5
  resolution: "@nodelib/fs.scandir@npm:2.1.5"
  dependencies:
    "@nodelib/fs.stat": "npm:2.0.5"
    run-parallel: "npm:^1.1.9"
  checksum: 10c0/732c3b6d1b1e967440e65f284bd06e5821fedf10a1bea9ed2bb75956ea1f30e08c44d3def9d6a230666574edbaf136f8cfd319c14fd1f87c66e6a44449afb2eb
  languageName: node
  linkType: hard

"@nodelib/fs.stat@npm:2.0.5, @nodelib/fs.stat@npm:^2.0.2":
  version: 2.0.5
  resolution: "@nodelib/fs.stat@npm:2.0.5"
  checksum: 10c0/88dafe5e3e29a388b07264680dc996c17f4bda48d163a9d4f5c1112979f0ce8ec72aa7116122c350b4e7976bc5566dc3ddb579be1ceaacc727872eb4ed93926d
  languageName: node
  linkType: hard

"@nodelib/fs.walk@npm:^1.2.3":
  version: 1.2.8
  resolution: "@nodelib/fs.walk@npm:1.2.8"
  dependencies:
    "@nodelib/fs.scandir": "npm:2.1.5"
    fastq: "npm:^1.6.0"
  checksum: 10c0/db9de047c3bb9b51f9335a7bb46f4fcfb6829fb628318c12115fbaf7d369bfce71c15b103d1fc3b464812d936220ee9bc1c8f762d032c9f6be9acc99249095b1
  languageName: node
  linkType: hard

"@typescript-eslint/eslint-plugin@npm:8.19.1":
  version: 8.19.1
  resolution: "@typescript-eslint/eslint-plugin@npm:8.19.1"
  dependencies:
    "@eslint-community/regexpp": "npm:^4.10.0"
    "@typescript-eslint/scope-manager": "npm:8.19.1"
    "@typescript-eslint/type-utils": "npm:8.19.1"
    "@typescript-eslint/utils": "npm:8.19.1"
    "@typescript-eslint/visitor-keys": "npm:8.19.1"
    graphemer: "npm:^1.4.0"
    ignore: "npm:^5.3.1"
    natural-compare: "npm:^1.4.0"
    ts-api-utils: "npm:^2.0.0"
  peerDependencies:
    "@typescript-eslint/parser": ^8.0.0 || ^8.0.0-alpha.0
    eslint: ^8.57.0 || ^9.0.0
    typescript: ">=4.8.4 <5.8.0"
  checksum: 10c0/993784b04533b13c3f3919c793cfc3a369fa61692e1a2d72de6fba27df247c275d852cdcbc4e393c310b73fce8d34d210a9b632b66f4d761a1a3b4781f8fa93f
  languageName: node
  linkType: hard

"@typescript-eslint/parser@npm:8.19.1":
  version: 8.19.1
  resolution: "@typescript-eslint/parser@npm:8.19.1"
  dependencies:
    "@typescript-eslint/scope-manager": "npm:8.19.1"
    "@typescript-eslint/types": "npm:8.19.1"
    "@typescript-eslint/typescript-estree": "npm:8.19.1"
    "@typescript-eslint/visitor-keys": "npm:8.19.1"
    debug: "npm:^4.3.4"
  peerDependencies:
    eslint: ^8.57.0 || ^9.0.0
    typescript: ">=4.8.4 <5.8.0"
  checksum: 10c0/1afbd2d0a25f439943bdc94637417429574eb3889a2a1ce24bd425721713aca213808a975bb518a6616171783bc04fa973167f05fc6a96cfd88c1d1666077ad4
  languageName: node
  linkType: hard

"@typescript-eslint/scope-manager@npm:8.19.1":
  version: 8.19.1
  resolution: "@typescript-eslint/scope-manager@npm:8.19.1"
  dependencies:
    "@typescript-eslint/types": "npm:8.19.1"
    "@typescript-eslint/visitor-keys": "npm:8.19.1"
  checksum: 10c0/7dca0c28ad27a0c7e26499e0f584f98efdcf34087f46aadc661b36c310484b90655e83818bafd249b5a28c7094a69c54d553f6cd403869bf134f95a9148733f5
  languageName: node
  linkType: hard

"@typescript-eslint/type-utils@npm:8.19.1":
  version: 8.19.1
  resolution: "@typescript-eslint/type-utils@npm:8.19.1"
  dependencies:
    "@typescript-eslint/typescript-estree": "npm:8.19.1"
    "@typescript-eslint/utils": "npm:8.19.1"
    debug: "npm:^4.3.4"
    ts-api-utils: "npm:^2.0.0"
  peerDependencies:
    eslint: ^8.57.0 || ^9.0.0
    typescript: ">=4.8.4 <5.8.0"
  checksum: 10c0/757592b515beec58c079c605aa648ba94d985ae48ba40460034e849c7bc2b603b1da6113e59688e284608c9d5ccaa27adf0a14fb032cb1782200c6acae51ddd2
  languageName: node
  linkType: hard

"@typescript-eslint/types@npm:8.19.1":
  version: 8.19.1
  resolution: "@typescript-eslint/types@npm:8.19.1"
  checksum: 10c0/e907bf096d5ed7a812a1e537a98dd881ab5d2d47e072225bfffaa218c1433115a148b27a15744db8374b46dac721617c6d13a1da255fdeb369cf193416533f6e
  languageName: node
  linkType: hard

"@typescript-eslint/typescript-estree@npm:8.19.1":
  version: 8.19.1
  resolution: "@typescript-eslint/typescript-estree@npm:8.19.1"
  dependencies:
    "@typescript-eslint/types": "npm:8.19.1"
    "@typescript-eslint/visitor-keys": "npm:8.19.1"
    debug: "npm:^4.3.4"
    fast-glob: "npm:^3.3.2"
    is-glob: "npm:^4.0.3"
    minimatch: "npm:^9.0.4"
    semver: "npm:^7.6.0"
    ts-api-utils: "npm:^2.0.0"
  peerDependencies:
    typescript: ">=4.8.4 <5.8.0"
  checksum: 10c0/549d9d565a58a25fc8397a555506f2e8d29a740f5b6ed9105479e22de5aab89d9d535959034a8e9d4115adb435de09ee6987d28e8922052eea577842ddce1a7a
  languageName: node
  linkType: hard

"@typescript-eslint/utils@npm:8.19.1":
  version: 8.19.1
  resolution: "@typescript-eslint/utils@npm:8.19.1"
  dependencies:
    "@eslint-community/eslint-utils": "npm:^4.4.0"
    "@typescript-eslint/scope-manager": "npm:8.19.1"
    "@typescript-eslint/types": "npm:8.19.1"
    "@typescript-eslint/typescript-estree": "npm:8.19.1"
  peerDependencies:
    eslint: ^8.57.0 || ^9.0.0
    typescript: ">=4.8.4 <5.8.0"
  checksum: 10c0/f7d2fe9a2bd8cb3ae6fafe5e465882a6784b2acf81d43d194c579381b92651c2ffc0fca69d2a35eee119f539622752a0e9ec063aaec7576d5d2bfe68b441980d
  languageName: node
  linkType: hard

"@typescript-eslint/visitor-keys@npm:8.19.1":
  version: 8.19.1
  resolution: "@typescript-eslint/visitor-keys@npm:8.19.1"
  dependencies:
    "@typescript-eslint/types": "npm:8.19.1"
    eslint-visitor-keys: "npm:^4.2.0"
  checksum: 10c0/117537450a099f51f3f0d39186f248ae370bdc1b7f6975dbdbffcfc89e6e1aa47c1870db790d4f778a48f2c1f6cd9c269b63867c12afaa424367c63dabee8fd0
  languageName: node
  linkType: hard

"balanced-match@npm:^1.0.0":
  version: 1.0.2
  resolution: "balanced-match@npm:1.0.2"
  checksum: 10c0/9308baf0a7e4838a82bbfd11e01b1cb0f0cf2893bc1676c27c2a8c0e70cbae1c59120c3268517a8ae7fb6376b4639ef81ca22582611dbee4ed28df945134aaee
  languageName: node
  linkType: hard

"brace-expansion@npm:^2.0.1":
  version: 2.0.1
  resolution: "brace-expansion@npm:2.0.1"
  dependencies:
    balanced-match: "npm:^1.0.0"
  checksum: 10c0/b358f2fe060e2d7a87aa015979ecea07f3c37d4018f8d6deb5bd4c229ad3a0384fe6029bb76cd8be63c81e516ee52d1a0673edbe2023d53a5191732ae3c3e49f
  languageName: node
  linkType: hard

"braces@npm:^3.0.3":
  version: 3.0.3
  resolution: "braces@npm:3.0.3"
  dependencies:
    fill-range: "npm:^7.1.1"
  checksum: 10c0/7c6dfd30c338d2997ba77500539227b9d1f85e388a5f43220865201e407e076783d0881f2d297b9f80951b4c957fcf0b51c1d2d24227631643c3f7c284b0aa04
  languageName: node
  linkType: hard

"debug@npm:^4.3.4":
  version: 4.4.0
  resolution: "debug@npm:4.4.0"
  dependencies:
    ms: "npm:^2.1.3"
  peerDependenciesMeta:
    supports-color:
      optional: true
  checksum: 10c0/db94f1a182bf886f57b4755f85b3a74c39b5114b9377b7ab375dc2cfa3454f09490cc6c30f829df3fc8042bc8b8995f6567ce5cd96f3bc3688bd24027197d9de
  languageName: node
  linkType: hard

"eslint-visitor-keys@npm:^3.4.3":
  version: 3.4.3
  resolution: "eslint-visitor-keys@npm:3.4.3"
  checksum: 10c0/92708e882c0a5ffd88c23c0b404ac1628cf20104a108c745f240a13c332a11aac54f49a22d5762efbffc18ecbc9a580d1b7ad034bf5f3cc3307e5cbff2ec9820
  languageName: node
  linkType: hard

"eslint-visitor-keys@npm:^4.2.0":
  version: 4.2.0
  resolution: "eslint-visitor-keys@npm:4.2.0"
  checksum: 10c0/2ed81c663b147ca6f578312919483eb040295bbab759e5a371953456c636c5b49a559883e2677112453728d66293c0a4c90ab11cab3428cf02a0236d2e738269
  languageName: node
  linkType: hard

"fast-glob@npm:^3.3.2":
  version: 3.3.3
  resolution: "fast-glob@npm:3.3.3"
  dependencies:
    "@nodelib/fs.stat": "npm:^2.0.2"
    "@nodelib/fs.walk": "npm:^1.2.3"
    glob-parent: "npm:^5.1.2"
    merge2: "npm:^1.3.0"
    micromatch: "npm:^4.0.8"
  checksum: 10c0/f6aaa141d0d3384cf73cbcdfc52f475ed293f6d5b65bfc5def368b09163a9f7e5ec2b3014d80f733c405f58e470ee0cc451c2937685045cddcdeaa24199c43fe
  languageName: node
  linkType: hard

"fastq@npm:^1.6.0":
  version: 1.18.0
  resolution: "fastq@npm:1.18.0"
  dependencies:
    reusify: "npm:^1.0.4"
  checksum: 10c0/7be87ecc41762adbddf558d24182f50a4b1a3ef3ee807d33b7623da7aee5faecdcc94fce5aa13fe91df93e269f383232bbcdb2dc5338cd1826503d6063221f36
  languageName: node
  linkType: hard

"fill-range@npm:^7.1.1":
  version: 7.1.1
  resolution: "fill-range@npm:7.1.1"
  dependencies:
    to-regex-range: "npm:^5.0.1"
  checksum: 10c0/b75b691bbe065472f38824f694c2f7449d7f5004aa950426a2c28f0306c60db9b880c0b0e4ed819997ffb882d1da02cfcfc819bddc94d71627f5269682edf018
  languageName: node
  linkType: hard

"glob-parent@npm:^5.1.2":
  version: 5.1.2
  resolution: "glob-parent@npm:5.1.2"
  dependencies:
    is-glob: "npm:^4.0.1"
  checksum: 10c0/cab87638e2112bee3f839ef5f6e0765057163d39c66be8ec1602f3823da4692297ad4e972de876ea17c44d652978638d2fd583c6713d0eb6591706825020c9ee
  languageName: node
  linkType: hard

"graphemer@npm:^1.4.0":
  version: 1.4.0
  resolution: "graphemer@npm:1.4.0"
  checksum: 10c0/e951259d8cd2e0d196c72ec711add7115d42eb9a8146c8eeda5b8d3ac91e5dd816b9cd68920726d9fd4490368e7ed86e9c423f40db87e2d8dfafa00fa17c3a31
  languageName: node
  linkType: hard

"ignore@npm:^5.3.1":
  version: 5.3.2
  resolution: "ignore@npm:5.3.2"
  checksum: 10c0/f9f652c957983634ded1e7f02da3b559a0d4cc210fca3792cb67f1b153623c9c42efdc1c4121af171e295444459fc4a9201101fb041b1104a3c000bccb188337
  languageName: node
  linkType: hard

"is-extglob@npm:^2.1.1":
  version: 2.1.1
  resolution: "is-extglob@npm:2.1.1"
  checksum: 10c0/5487da35691fbc339700bbb2730430b07777a3c21b9ebaecb3072512dfd7b4ba78ac2381a87e8d78d20ea08affb3f1971b4af629173a6bf435ff8a4c47747912
  languageName: node
  linkType: hard

"is-glob@npm:^4.0.1, is-glob@npm:^4.0.3":
  version: 4.0.3
  resolution: "is-glob@npm:4.0.3"
  dependencies:
    is-extglob: "npm:^2.1.1"
  checksum: 10c0/17fb4014e22be3bbecea9b2e3a76e9e34ff645466be702f1693e8f1ee1adac84710d0be0bd9f967d6354036fd51ab7c2741d954d6e91dae6bb69714de92c197a
  languageName: node
  linkType: hard

"is-number@npm:^7.0.0":
  version: 7.0.0
  resolution: "is-number@npm:7.0.0"
  checksum: 10c0/b4686d0d3053146095ccd45346461bc8e53b80aeb7671cc52a4de02dbbf7dc0d1d2a986e2fe4ae206984b4d34ef37e8b795ebc4f4295c978373e6575e295d811
  languageName: node
  linkType: hard

"merge2@npm:^1.3.0":
  version: 1.4.1
  resolution: "merge2@npm:1.4.1"
  checksum: 10c0/254a8a4605b58f450308fc474c82ac9a094848081bf4c06778200207820e5193726dc563a0d2c16468810516a5c97d9d3ea0ca6585d23c58ccfff2403e8dbbeb
  languageName: node
  linkType: hard

"micromatch@npm:^4.0.8":
  version: 4.0.8
  resolution: "micromatch@npm:4.0.8"
  dependencies:
    braces: "npm:^3.0.3"
    picomatch: "npm:^2.3.1"
  checksum: 10c0/166fa6eb926b9553f32ef81f5f531d27b4ce7da60e5baf8c021d043b27a388fb95e46a8038d5045877881e673f8134122b59624d5cecbd16eb50a42e7a6b5ca8
  languageName: node
  linkType: hard

"minimatch@npm:^9.0.4":
  version: 9.0.5
  resolution: "minimatch@npm:9.0.5"
  dependencies:
    brace-expansion: "npm:^2.0.1"
  checksum: 10c0/de96cf5e35bdf0eab3e2c853522f98ffbe9a36c37797778d2665231ec1f20a9447a7e567cb640901f89e4daaa95ae5d70c65a9e8aa2bb0019b6facbc3c0575ed
  languageName: node
  linkType: hard

"ms@npm:^2.1.3":
  version: 2.1.3
  resolution: "ms@npm:2.1.3"
  checksum: 10c0/d924b57e7312b3b63ad21fc5b3dc0af5e78d61a1fc7cfb5457edaf26326bf62be5307cc87ffb6862ef1c2b33b0233cdb5d4f01c4c958cc0d660948b65a287a48
  languageName: node
  linkType: hard

"natural-compare@npm:^1.4.0":
  version: 1.4.0
  resolution: "natural-compare@npm:1.4.0"
  checksum: 10c0/f5f9a7974bfb28a91afafa254b197f0f22c684d4a1731763dda960d2c8e375b36c7d690e0d9dc8fba774c537af14a7e979129bca23d88d052fbeb9466955e447
  languageName: node
  linkType: hard

"picomatch@npm:^2.3.1":
  version: 2.3.1
  resolution: "picomatch@npm:2.3.1"
  checksum: 10c0/26c02b8d06f03206fc2ab8d16f19960f2ff9e81a658f831ecb656d8f17d9edc799e8364b1f4a7873e89d9702dff96204be0fa26fe4181f6843f040f819dac4be
  languageName: node
  linkType: hard

"queue-microtask@npm:^1.2.2":
  version: 1.2.3
  resolution: "queue-microtask@npm:1.2.3"
  checksum: 10c0/900a93d3cdae3acd7d16f642c29a642aea32c2026446151f0778c62ac089d4b8e6c986811076e1ae180a694cedf077d453a11b58ff0a865629a4f82ab558e102
  languageName: node
  linkType: hard

"reusify@npm:^1.0.4":
  version: 1.0.4
  resolution: "reusify@npm:1.0.4"
  checksum: 10c0/c19ef26e4e188f408922c46f7ff480d38e8dfc55d448310dfb518736b23ed2c4f547fb64a6ed5bdba92cd7e7ddc889d36ff78f794816d5e71498d645ef476107
  languageName: node
  linkType: hard

"run-parallel@npm:^1.1.9":
  version: 1.2.0
  resolution: "run-parallel@npm:1.2.0"
  dependencies:
    queue-microtask: "npm:^1.2.2"
  checksum: 10c0/200b5ab25b5b8b7113f9901bfe3afc347e19bb7475b267d55ad0eb86a62a46d77510cb0f232507c9e5d497ebda569a08a9867d0d14f57a82ad5564d991588b39
  languageName: node
  linkType: hard

"semver@npm:^7.6.0":
  version: 7.6.3
  resolution: "semver@npm:7.6.3"
  bin:
    semver: bin/semver.js
  checksum: 10c0/88f33e148b210c153873cb08cfe1e281d518aaa9a666d4d148add6560db5cd3c582f3a08ccb91f38d5f379ead256da9931234ed122057f40bb5766e65e58adaf
  languageName: node
  linkType: hard

"to-regex-range@npm:^5.0.1":
  version: 5.0.1
  resolution: "to-regex-range@npm:5.0.1"
  dependencies:
    is-number: "npm:^7.0.0"
  checksum: 10c0/487988b0a19c654ff3e1961b87f471702e708fa8a8dd02a298ef16da7206692e8552a0250e8b3e8759270f62e9d8314616f6da274734d3b558b1fc7b7724e892
  languageName: node
  linkType: hard

"ts-api-utils@npm:^2.0.0":
  version: 2.0.0
  resolution: "ts-api-utils@npm:2.0.0"
  peerDependencies:
    typescript: ">=4.8.4"
  checksum: 10c0/6165e29a5b75bd0218e3cb0f9ee31aa893dbd819c2e46dbb086c841121eb0436ed47c2c18a20cb3463d74fd1fb5af62e2604ba5971cc48e5b38ebbdc56746dfc
  languageName: node
  linkType: hard

"typescript-eslint@npm:^8.19.1":
  version: 8.19.1
  resolution: "typescript-eslint@npm:8.19.1"
  dependencies:
    "@typescript-eslint/eslint-plugin": "npm:8.19.1"
    "@typescript-eslint/parser": "npm:8.19.1"
    "@typescript-eslint/utils": "npm:8.19.1"
  peerDependencies:
    eslint: ^8.57.0 || ^9.0.0
    typescript: ">=4.8.4 <5.8.0"
  checksum: 10c0/59cdb590a0b38bfca1634c421c1acd2d1bfc8a7325af8fb1332421103dd98d454d349d4f82175088cf06216c1540dc1a73d1dca44cff16dd1d08f969feeb0c0b
  languageName: node
  linkType: hard
