# This file is generated by running "yarn install" inside your project.
# Manual changes might be lost - proceed with caution!

__metadata:
  version: 8
  cacheKey: 10c0

"@emobg/eslint@workspace:.":
  version: 0.0.0-use.local
  resolution: "@emobg/eslint@workspace:."
  dependencies:
    typescript-eslint: "npm:8.59.2"
  languageName: unknown
  linkType: soft

"@eslint-community/eslint-utils@npm:^4.9.1":
  version: 4.9.1
  resolution: "@eslint-community/eslint-utils@npm:4.9.1"
  dependencies:
    eslint-visitor-keys: "npm:^3.4.3"
  peerDependencies:
    eslint: ^6.0.0 || ^7.0.0 || >=8.0.0
  checksum: 10c0/dc4ab5e3e364ef27e33666b11f4b86e1a6c1d7cbf16f0c6ff87b1619b3562335e9201a3d6ce806221887ff780ec9d828962a290bb910759fd40a674686503f02
  languageName: node
  linkType: hard

"@eslint-community/regexpp@npm:^4.12.2":
  version: 4.12.2
  resolution: "@eslint-community/regexpp@npm:4.12.2"
  checksum: 10c0/fddcbc66851b308478d04e302a4d771d6917a0b3740dc351513c0da9ca2eab8a1adf99f5e0aa7ab8b13fa0df005c81adeee7e63a92f3effd7d367a163b721c2d
  languageName: node
  linkType: hard

"@typescript-eslint/eslint-plugin@npm:8.59.2":
  version: 8.59.2
  resolution: "@typescript-eslint/eslint-plugin@npm:8.59.2"
  dependencies:
    "@eslint-community/regexpp": "npm:^4.12.2"
    "@typescript-eslint/scope-manager": "npm:8.59.2"
    "@typescript-eslint/type-utils": "npm:8.59.2"
    "@typescript-eslint/utils": "npm:8.59.2"
    "@typescript-eslint/visitor-keys": "npm:8.59.2"
    ignore: "npm:^7.0.5"
    natural-compare: "npm:^1.4.0"
    ts-api-utils: "npm:^2.5.0"
  peerDependencies:
    "@typescript-eslint/parser": ^8.59.2
    eslint: ^8.57.0 || ^9.0.0 || ^10.0.0
    typescript: ">=4.8.4 <6.1.0"
  checksum: 10c0/c4c2a67d0ae47ab27e47c46a4cd59eb9941592595d3440cd4dcbccc1983a08c5c9bd276304797964fa2c9276be4cd60077f3087efc6a5370d5b8869720759bc8
  languageName: node
  linkType: hard

"@typescript-eslint/parser@npm:8.59.2":
  version: 8.59.2
  resolution: "@typescript-eslint/parser@npm:8.59.2"
  dependencies:
    "@typescript-eslint/scope-manager": "npm:8.59.2"
    "@typescript-eslint/types": "npm:8.59.2"
    "@typescript-eslint/typescript-estree": "npm:8.59.2"
    "@typescript-eslint/visitor-keys": "npm:8.59.2"
    debug: "npm:^4.4.3"
  peerDependencies:
    eslint: ^8.57.0 || ^9.0.0 || ^10.0.0
    typescript: ">=4.8.4 <6.1.0"
  checksum: 10c0/baf8da8ad233908f00bdfe5835c1e03fd7c9256f675a27b0d10d40d0245c158efc847dee1331c61992fbb152d55bfda3111795f8422e9d341f09ec9729364800
  languageName: node
  linkType: hard

"@typescript-eslint/project-service@npm:8.59.2":
  version: 8.59.2
  resolution: "@typescript-eslint/project-service@npm:8.59.2"
  dependencies:
    "@typescript-eslint/tsconfig-utils": "npm:^8.59.2"
    "@typescript-eslint/types": "npm:^8.59.2"
    debug: "npm:^4.4.3"
  peerDependencies:
    typescript: ">=4.8.4 <6.1.0"
  checksum: 10c0/0228f01c61e5ef9022b06510f79f97e37daafd165c592927b640e3587d5cec65a8394a541e1fd21bf65df9f6f1948523569966c9e2181d9cfe911240969cebdb
  languageName: node
  linkType: hard

"@typescript-eslint/scope-manager@npm:8.59.2":
  version: 8.59.2
  resolution: "@typescript-eslint/scope-manager@npm:8.59.2"
  dependencies:
    "@typescript-eslint/types": "npm:8.59.2"
    "@typescript-eslint/visitor-keys": "npm:8.59.2"
  checksum: 10c0/eec819a96442e98879a66d908a9a388502dc4398005af360dd177907f021ee12e4f2967413b123c4ad4567e7f294b177cf6ee559eed2e86d38ab1af3ed5588a5
  languageName: node
  linkType: hard

"@typescript-eslint/tsconfig-utils@npm:8.59.2, @typescript-eslint/tsconfig-utils@npm:^8.59.2":
  version: 8.59.2
  resolution: "@typescript-eslint/tsconfig-utils@npm:8.59.2"
  peerDependencies:
    typescript: ">=4.8.4 <6.1.0"
  checksum: 10c0/ca7f386cdc9fa4b8c5de3622e2019b9729b8f5682292e01cc42b7cee4a7fc13005642b9dde733b429ad4e6f8600608930d9c33711d8c20c4f9d0af6520ba78d8
  languageName: node
  linkType: hard

"@typescript-eslint/type-utils@npm:8.59.2":
  version: 8.59.2
  resolution: "@typescript-eslint/type-utils@npm:8.59.2"
  dependencies:
    "@typescript-eslint/types": "npm:8.59.2"
    "@typescript-eslint/typescript-estree": "npm:8.59.2"
    "@typescript-eslint/utils": "npm:8.59.2"
    debug: "npm:^4.4.3"
    ts-api-utils: "npm:^2.5.0"
  peerDependencies:
    eslint: ^8.57.0 || ^9.0.0 || ^10.0.0
    typescript: ">=4.8.4 <6.1.0"
  checksum: 10c0/373ea2b03363e0c16ba75946327f01a130820f8b65976e831294c9e931d22d88d40f67a651a2151f0fcc9c91744019311fddadb608fe63ff6c0a65130417c34e
  languageName: node
  linkType: hard

"@typescript-eslint/types@npm:8.59.2, @typescript-eslint/types@npm:^8.59.2":
  version: 8.59.2
  resolution: "@typescript-eslint/types@npm:8.59.2"
  checksum: 10c0/ee6889a22b237ef426c45f11dc167f7f220007c2a8f77c8b1ab9e57ac32a2b47fad29f53c4230847cbe49bcd30a35fc2f276e01611d0dab9918d7ef72334f423
  languageName: node
  linkType: hard

"@typescript-eslint/typescript-estree@npm:8.59.2":
  version: 8.59.2
  resolution: "@typescript-eslint/typescript-estree@npm:8.59.2"
  dependencies:
    "@typescript-eslint/project-service": "npm:8.59.2"
    "@typescript-eslint/tsconfig-utils": "npm:8.59.2"
    "@typescript-eslint/types": "npm:8.59.2"
    "@typescript-eslint/visitor-keys": "npm:8.59.2"
    debug: "npm:^4.4.3"
    minimatch: "npm:^10.2.2"
    semver: "npm:^7.7.3"
    tinyglobby: "npm:^0.2.15"
    ts-api-utils: "npm:^2.5.0"
  peerDependencies:
    typescript: ">=4.8.4 <6.1.0"
  checksum: 10c0/8bde0e7d184e4e9d98b1ef32b8692b433c8dc5c54439f4a34ae49cf4cb6117435b86d8d891b58a73676fbcf1162717365945053d48139cafb265f775e6c8d2af
  languageName: node
  linkType: hard

"@typescript-eslint/utils@npm:8.59.2":
  version: 8.59.2
  resolution: "@typescript-eslint/utils@npm:8.59.2"
  dependencies:
    "@eslint-community/eslint-utils": "npm:^4.9.1"
    "@typescript-eslint/scope-manager": "npm:8.59.2"
    "@typescript-eslint/types": "npm:8.59.2"
    "@typescript-eslint/typescript-estree": "npm:8.59.2"
  peerDependencies:
    eslint: ^8.57.0 || ^9.0.0 || ^10.0.0
    typescript: ">=4.8.4 <6.1.0"
  checksum: 10c0/d972d6f2ade6639088e3d2acf319c82cd981455a282d245dd715c5d77365647240d2cb34be00ab0d3a3c16593fb5050fcd698d399ff8451801825211d653ce64
  languageName: node
  linkType: hard

"@typescript-eslint/visitor-keys@npm:8.59.2":
  version: 8.59.2
  resolution: "@typescript-eslint/visitor-keys@npm:8.59.2"
  dependencies:
    "@typescript-eslint/types": "npm:8.59.2"
    eslint-visitor-keys: "npm:^5.0.0"
  checksum: 10c0/5863ea98ac642d94fd100f0077c5cfcbe168c3e2ac9bd05da7fc9878c32c20b6d4fc6916df44ffe79c538c4f367a083489d70dab07aa09c51e4e7729716d106e
  languageName: node
  linkType: hard

"balanced-match@npm:^4.0.2":
  version: 4.0.4
  resolution: "balanced-match@npm:4.0.4"
  checksum: 10c0/07e86102a3eb2ee2a6a1a89164f29d0dbaebd28f2ca3f5ca786f36b8b23d9e417eb3be45a4acf754f837be5ac0a2317de90d3fcb7f4f4dc95720a1f36b26a17b
  languageName: node
  linkType: hard

"brace-expansion@npm:^5.0.5":
  version: 5.0.6
  resolution: "brace-expansion@npm:5.0.6"
  dependencies:
    balanced-match: "npm:^4.0.2"
  checksum: 10c0/8c919869b90f61d533b341d3340be5ee4413232ea89b8246cbc2f38eb014f1d8182785c98a006eaf6111d02dc9eeffefdc240d5ac158625b2ed084dccd4bbf9b
  languageName: node
  linkType: hard

"debug@npm:^4.4.3":
  version: 4.4.3
  resolution: "debug@npm:4.4.3"
  dependencies:
    ms: "npm:^2.1.3"
  peerDependenciesMeta:
    supports-color:
      optional: true
  checksum: 10c0/d79136ec6c83ecbefd0f6a5593da6a9c91ec4d7ddc4b54c883d6e71ec9accb5f67a1a5e96d00a328196b5b5c86d365e98d8a3a70856aaf16b4e7b1985e67f5a6
  languageName: node
  linkType: hard

"eslint-visitor-keys@npm:^3.4.3":
  version: 3.4.3
  resolution: "eslint-visitor-keys@npm:3.4.3"
  checksum: 10c0/92708e882c0a5ffd88c23c0b404ac1628cf20104a108c745f240a13c332a11aac54f49a22d5762efbffc18ecbc9a580d1b7ad034bf5f3cc3307e5cbff2ec9820
  languageName: node
  linkType: hard

"eslint-visitor-keys@npm:^5.0.0":
  version: 5.0.1
  resolution: "eslint-visitor-keys@npm:5.0.1"
  checksum: 10c0/16190bdf2cbae40a1109384c94450c526a79b0b9c3cb21e544256ed85ac48a4b84db66b74a6561d20fe6ab77447f150d711c2ad5ad74df4fcc133736bce99678
  languageName: node
  linkType: hard

"fdir@npm:^6.5.0":
  version: 6.5.0
  resolution: "fdir@npm:6.5.0"
  peerDependencies:
    picomatch: ^3 || ^4
  peerDependenciesMeta:
    picomatch:
      optional: true
  checksum: 10c0/e345083c4306b3aed6cb8ec551e26c36bab5c511e99ea4576a16750ddc8d3240e63826cc624f5ae17ad4dc82e68a253213b60d556c11bfad064b7607847ed07f
  languageName: node
  linkType: hard

"ignore@npm:^7.0.5":
  version: 7.0.5
  resolution: "ignore@npm:7.0.5"
  checksum: 10c0/ae00db89fe873064a093b8999fe4cc284b13ef2a178636211842cceb650b9c3e390d3339191acb145d81ed5379d2074840cf0c33a20bdbd6f32821f79eb4ad5d
  languageName: node
  linkType: hard

"minimatch@npm:^10.2.2":
  version: 10.2.5
  resolution: "minimatch@npm:10.2.5"
  dependencies:
    brace-expansion: "npm:^5.0.5"
  checksum: 10c0/6bb058bd6324104b9ec2f763476a35386d05079c1f5fe4fbf1f324a25237cd4534d6813ecd71f48208f4e635c1221899bef94c3c89f7df55698fe373aaae20fd
  languageName: node
  linkType: hard

"ms@npm:^2.1.3":
  version: 2.1.3
  resolution: "ms@npm:2.1.3"
  checksum: 10c0/d924b57e7312b3b63ad21fc5b3dc0af5e78d61a1fc7cfb5457edaf26326bf62be5307cc87ffb6862ef1c2b33b0233cdb5d4f01c4c958cc0d660948b65a287a48
  languageName: node
  linkType: hard

"natural-compare@npm:^1.4.0":
  version: 1.4.0
  resolution: "natural-compare@npm:1.4.0"
  checksum: 10c0/f5f9a7974bfb28a91afafa254b197f0f22c684d4a1731763dda960d2c8e375b36c7d690e0d9dc8fba774c537af14a7e979129bca23d88d052fbeb9466955e447
  languageName: node
  linkType: hard

"picomatch@npm:^4.0.4":
  version: 4.0.4
  resolution: "picomatch@npm:4.0.4"
  checksum: 10c0/e2c6023372cc7b5764719a5ffb9da0f8e781212fa7ca4bd0562db929df8e117460f00dff3cb7509dacfc06b86de924b247f504d0ce1806a37fac4633081466b0
  languageName: node
  linkType: hard

"semver@npm:^7.7.3":
  version: 7.7.4
  resolution: "semver@npm:7.7.4"
  bin:
    semver: bin/semver.js
  checksum: 10c0/5215ad0234e2845d4ea5bb9d836d42b03499546ddafb12075566899fc617f68794bb6f146076b6881d755de17d6c6cc73372555879ec7dce2c2feee947866ad2
  languageName: node
  linkType: hard

"tinyglobby@npm:^0.2.15":
  version: 0.2.16
  resolution: "tinyglobby@npm:0.2.16"
  dependencies:
    fdir: "npm:^6.5.0"
    picomatch: "npm:^4.0.4"
  checksum: 10c0/f2e09fd93dd95c41e522113b686ff6f7c13020962f8698a864a257f3d7737599afc47722b7ab726e12f8a813f779906187911ff8ee6701ede65072671a7e934b
  languageName: node
  linkType: hard

"ts-api-utils@npm:^2.5.0":
  version: 2.5.0
  resolution: "ts-api-utils@npm:2.5.0"
  peerDependencies:
    typescript: ">=4.8.4"
  checksum: 10c0/767849383c114e7f1971fa976b20e73ac28fd0c70d8d65c0004790bf4d8f89888c7e4cf6d5949f9c1beae9bc3c64835bef77bbe27fddf45a3c7b60cebcf85c8c
  languageName: node
  linkType: hard

"typescript-eslint@npm:8.59.2":
  version: 8.59.2
  resolution: "typescript-eslint@npm:8.59.2"
  dependencies:
    "@typescript-eslint/eslint-plugin": "npm:8.59.2"
    "@typescript-eslint/parser": "npm:8.59.2"
    "@typescript-eslint/typescript-estree": "npm:8.59.2"
    "@typescript-eslint/utils": "npm:8.59.2"
  peerDependencies:
    eslint: ^8.57.0 || ^9.0.0 || ^10.0.0
    typescript: ">=4.8.4 <6.1.0"
  checksum: 10c0/c2736b839fa268da75df0ca8a1b8cfd658a6c6210c676412ed902c7ff8fea716f36a7e135133000a8f72091255f395d7c85783c4d6a9b1be79e8989abde1cd43
  languageName: node
  linkType: hard
